// !$*UTF8*$!
{
	archiveVersion = 1;
	classes = {
	};
	objectVersion = 56;
	objects = {

/* Begin PBXBuildFile section */
		533A9F8B29FECB0D001C9C34 /* MatchingAppApp.swift in Sources */ = {isa = PBXBuildFile; fileRef = 533A9F8A29FECB0D001C9C34 /* MatchingAppApp.swift */; };
		533A9F8D29FECB0D001C9C34 /* ContentView.swift in Sources */ = {isa = PBXBuildFile; fileRef = 533A9F8C29FECB0D001C9C34 /* ContentView.swift */; };
		533A9F8F29FECB0D001C9C34 /* Assets.xcassets in Resources */ = {isa = PBXBuildFile; fileRef = 533A9F8E29FECB0D001C9C34 /* Assets.xcassets */; };
		533A9F9329FECB0D001C9C34 /* Preview Assets.xcassets in Resources */ = {isa = PBXBuildFile; fileRef = 533A9F9229FECB0D001C9C34 /* Preview Assets.xcassets */; };
		533A9F9A29FECC7E001C9C34 /* LoginView.swift in Sources */ = {isa = PBXBuildFile; fileRef = 533A9F9929FECC7E001C9C34 /* LoginView.swift */; };
		533A9F9D29FECCA0001C9C34 /* LoginViewModel.swift in Sources */ = {isa = PBXBuildFile; fileRef = 533A9F9C29FECCA0001C9C34 /* LoginViewModel.swift */; };
		533A9FA029FECCCF001C9C34 /* RegisterView.swift in Sources */ = {isa = PBXBuildFile; fileRef = 533A9F9F29FECCCF001C9C34 /* RegisterView.swift */; };
		533A9FA229FECCDC001C9C34 /* RegisterViewModel.swift in Sources */ = {isa = PBXBuildFile; fileRef = 533A9FA129FECCDC001C9C34 /* RegisterViewModel.swift */; };
		533A9FA529FECE2D001C9C34 /* HomeView.swift in Sources */ = {isa = PBXBuildFile; fileRef = 533A9FA429FECE2D001C9C34 /* HomeView.swift */; };
		533A9FA929FECEA1001C9C34 /* HomeViewModel.swift in Sources */ = {isa = PBXBuildFile; fileRef = 533A9FA829FECEA1001C9C34 /* HomeViewModel.swift */; };
		533A9FAD29FECF86001C9C34 /* ChatView.swift in Sources */ = {isa = PBXBuildFile; fileRef = 533A9FAC29FECF86001C9C34 /* ChatView.swift */; };
		533A9FAF29FECF92001C9C34 /* ChatViewModel.swift in Sources */ = {isa = PBXBuildFile; fileRef = 533A9FAE29FECF92001C9C34 /* ChatViewModel.swift */; };
		533A9FB229FECFCC001C9C34 /* ChatListViewModel.swift in Sources */ = {isa = PBXBuildFile; fileRef = 533A9FB129FECFCC001C9C34 /* ChatListViewModel.swift */; };
		533A9FB429FED00B001C9C34 /* ChatListView.swift in Sources */ = {isa = PBXBuildFile; fileRef = 533A9FB329FED00B001C9C34 /* ChatListView.swift */; };
		533A9FB729FED09E001C9C34 /* User.swift in Sources */ = {isa = PBXBuildFile; fileRef = 533A9FB629FED09E001C9C34 /* User.swift */; };
		533A9FB929FED36A001C9C34 /* Header.swift in Sources */ = {isa = PBXBuildFile; fileRef = 533A9FB829FED369001C9C34 /* Header.swift */; };
		533A9FBC29FED573001C9C34 /* HeaderImageModifier.swift in Sources */ = {isa = PBXBuildFile; fileRef = 533A9FBB29FED573001C9C34 /* HeaderImageModifier.swift */; };
		533A9FBE29FEDF08001C9C34 /* PlacePanelView.swift in Sources */ = {isa = PBXBuildFile; fileRef = 533A9FBD29FEDF08001C9C34 /* PlacePanelView.swift */; };
		533A9FC029FEE58D001C9C34 /* ProfileView.swift in Sources */ = {isa = PBXBuildFile; fileRef = 533A9FBF29FEE58D001C9C34 /* ProfileView.swift */; };
		533A9FC229FF0F0B001C9C34 /* CustomDivider.swift in Sources */ = {isa = PBXBuildFile; fileRef = 533A9FC129FF0F0B001C9C34 /* CustomDivider.swift */; };
		533A9FC429FF123D001C9C34 /* Color+Extension.swift in Sources */ = {isa = PBXBuildFile; fileRef = 533A9FC329FF123D001C9C34 /* Color+Extension.swift */; };
		534AB2232A02A41300612A1D /* AWSAPIGateway in Frameworks */ = {isa = PBXBuildFile; productRef = 534AB2222A02A41300612A1D /* AWSAPIGateway */; };
		534AB2252A02A41300612A1D /* AWSAppleSignIn in Frameworks */ = {isa = PBXBuildFile; productRef = 534AB2242A02A41300612A1D /* AWSAppleSignIn */; };
		534AB2272A02A41300612A1D /* AWSAuthCore in Frameworks */ = {isa = PBXBuildFile; productRef = 534AB2262A02A41300612A1D /* AWSAuthCore */; };
		534AB2292A02A41300612A1D /* AWSAuthUI in Frameworks */ = {isa = PBXBuildFile; productRef = 534AB2282A02A41300612A1D /* AWSAuthUI */; };
		534AB22B2A02A41300612A1D /* AWSAutoScaling in Frameworks */ = {isa = PBXBuildFile; productRef = 534AB22A2A02A41300612A1D /* AWSAutoScaling */; };
		534AB22D2A02A41300612A1D /* AWSChimeSDKIdentity in Frameworks */ = {isa = PBXBuildFile; productRef = 534AB22C2A02A41300612A1D /* AWSChimeSDKIdentity */; };
		534AB22F2A02A89600612A1D /* amplifyconfiguration.json in Resources */ = {isa = PBXBuildFile; fileRef = 534AB22E2A02A89600612A1D /* amplifyconfiguration.json */; };
		534AB2312A02A89D00612A1D /* awsconfiguration.json in Resources */ = {isa = PBXBuildFile; fileRef = 534AB2302A02A89D00612A1D /* awsconfiguration.json */; };
		534AB2352A02E4EF00612A1D /* RichButton.swift in Sources */ = {isa = PBXBuildFile; fileRef = 534AB2342A02E4EF00612A1D /* RichButton.swift */; };
		534AB2382A02E63400612A1D /* OnboardingView.swift in Sources */ = {isa = PBXBuildFile; fileRef = 534AB2372A02E63400612A1D /* OnboardingView.swift */; };
		534AB23A2A035D4E00612A1D /* MyMainInfoView.swift in Sources */ = {isa = PBXBuildFile; fileRef = 534AB2392A035D4E00612A1D /* MyMainInfoView.swift */; };
		534AB23D2A035F6800612A1D /* SettingView.swift in Sources */ = {isa = PBXBuildFile; fileRef = 534AB23C2A035F6800612A1D /* SettingView.swift */; };
		534AB2402A03829900612A1D /* GenderView.swift in Sources */ = {isa = PBXBuildFile; fileRef = 534AB23F2A03829900612A1D /* GenderView.swift */; };
		534AB2422A03856200612A1D /* AppState.swift in Sources */ = {isa = PBXBuildFile; fileRef = 534AB2412A03856200612A1D /* AppState.swift */; };
		534AB2442A03865C00612A1D /* RootView.swift in Sources */ = {isa = PBXBuildFile; fileRef = 534AB2432A03865C00612A1D /* RootView.swift */; };
		534AB2462A038E8F00612A1D /* PrefectureView.swift in Sources */ = {isa = PBXBuildFile; fileRef = 534AB2452A038E8F00612A1D /* PrefectureView.swift */; };
		534AB2482A03916E00612A1D /* PrefectureViewModel.swift in Sources */ = {isa = PBXBuildFile; fileRef = 534AB2472A03916E00612A1D /* PrefectureViewModel.swift */; };
		534AB24A2A0393A000612A1D /* GenderViewModel.swift in Sources */ = {isa = PBXBuildFile; fileRef = 534AB2492A0393A000612A1D /* GenderViewModel.swift */; };
		534AB24C2A03A6B400612A1D /* CustomTabView.swift in Sources */ = {isa = PBXBuildFile; fileRef = 534AB24B2A03A6B400612A1D /* CustomTabView.swift */; };
		53501E192A06B0AA0016EF2B /* SchoolTextView.swift in Sources */ = {isa = PBXBuildFile; fileRef = 53501E182A06B0AA0016EF2B /* SchoolTextView.swift */; };
		53501E1B2A07F1B10016EF2B /* AccountDeleteView.swift in Sources */ = {isa = PBXBuildFile; fileRef = 53501E1A2A07F1B10016EF2B /* AccountDeleteView.swift */; };
		53501E1D2A07F6F40016EF2B /* SignInWithApple.swift in Sources */ = {isa = PBXBuildFile; fileRef = 53501E1C2A07F6F40016EF2B /* SignInWithApple.swift */; };
		53501E202A08148B0016EF2B /* PriceListView.swift in Sources */ = {isa = PBXBuildFile; fileRef = 53501E1F2A08148B0016EF2B /* PriceListView.swift */; };
		53501E222A0816590016EF2B /* PriceCellView.swift in Sources */ = {isa = PBXBuildFile; fileRef = 53501E212A0816590016EF2B /* PriceCellView.swift */; };
		53501E242A08D9DA0016EF2B /* UserAPI.swift in Sources */ = {isa = PBXBuildFile; fileRef = 53501E232A08D9DA0016EF2B /* UserAPI.swift */; };
		53501E262A08FAF00016EF2B /* Party.swift in Sources */ = {isa = PBXBuildFile; fileRef = 53501E252A08FAF00016EF2B /* Party.swift */; };
		53501E282A090AC30016EF2B /* PartyAPI.swift in Sources */ = {isa = PBXBuildFile; fileRef = 53501E272A090AC30016EF2B /* PartyAPI.swift */; };
		53501E2B2A090FE40016EF2B /* apiGatewayURL.swift in Sources */ = {isa = PBXBuildFile; fileRef = 53501E2A2A090FE40016EF2B /* apiGatewayURL.swift */; };
		535026E82A03F3F3006F48D5 /* NextButtonView.swift in Sources */ = {isa = PBXBuildFile; fileRef = 535026E72A03F3F3006F48D5 /* NextButtonView.swift */; };
		535026EA2A03F891006F48D5 /* BirthdayView.swift in Sources */ = {isa = PBXBuildFile; fileRef = 535026E92A03F891006F48D5 /* BirthdayView.swift */; };
		535026EC2A03F933006F48D5 /* BirthdayViewModel.swift in Sources */ = {isa = PBXBuildFile; fileRef = 535026EB2A03F933006F48D5 /* BirthdayViewModel.swift */; };
		535026EE2A04EADB006F48D5 /* DateView.swift in Sources */ = {isa = PBXBuildFile; fileRef = 535026ED2A04EADB006F48D5 /* DateView.swift */; };
		535026F02A04FEFC006F48D5 /* DateViewModel.swift in Sources */ = {isa = PBXBuildFile; fileRef = 535026EF2A04FEFC006F48D5 /* DateViewModel.swift */; };
		535026F22A0501CA006F48D5 /* SelectPairView.swift in Sources */ = {isa = PBXBuildFile; fileRef = 535026F12A0501CA006F48D5 /* SelectPairView.swift */; };
		535026F42A050372006F48D5 /* DismissButtonView.swift in Sources */ = {isa = PBXBuildFile; fileRef = 535026F32A050372006F48D5 /* DismissButtonView.swift */; };
		535026F62A0504D4006F48D5 /* DatePlanView.swift in Sources */ = {isa = PBXBuildFile; fileRef = 535026F52A0504D4006F48D5 /* DatePlanView.swift */; };
		535026F82A0508EA006F48D5 /* SettingCellView.swift in Sources */ = {isa = PBXBuildFile; fileRef = 535026F72A0508EA006F48D5 /* SettingCellView.swift */; };
		535026FA2A051030006F48D5 /* AddNewPairView.swift in Sources */ = {isa = PBXBuildFile; fileRef = 535026F92A051030006F48D5 /* AddNewPairView.swift */; };
		535026FC2A05106A006F48D5 /* AddNewPairViewModel.swift in Sources */ = {isa = PBXBuildFile; fileRef = 535026FB2A05106A006F48D5 /* AddNewPairViewModel.swift */; };
		535026FE2A0514BE006F48D5 /* UserProfileView.swift in Sources */ = {isa = PBXBuildFile; fileRef = 535026FD2A0514BE006F48D5 /* UserProfileView.swift */; };
		535027002A053211006F48D5 /* RecuruitmentListView.swift in Sources */ = {isa = PBXBuildFile; fileRef = 535026FF2A053211006F48D5 /* RecuruitmentListView.swift */; };
		53519B9B2A02315D003F5B36 /* RecruitmentView.swift in Sources */ = {isa = PBXBuildFile; fileRef = 53519B9A2A02315D003F5B36 /* RecruitmentView.swift */; };
		53519B9D2A024793003F5B36 /* MakeRecuruitView.swift in Sources */ = {isa = PBXBuildFile; fileRef = 53519B9C2A024793003F5B36 /* MakeRecuruitView.swift */; };
		53625C332A062B6600A77D24 /* Tab.swift in Sources */ = {isa = PBXBuildFile; fileRef = 53625C322A062B6600A77D24 /* Tab.swift */; };
		53625C352A0640F500A77D24 /* MakeGroupView.swift in Sources */ = {isa = PBXBuildFile; fileRef = 53625C342A0640F500A77D24 /* MakeGroupView.swift */; };
		53625C372A06444200A77D24 /* UserCellView.swift in Sources */ = {isa = PBXBuildFile; fileRef = 53625C362A06444200A77D24 /* UserCellView.swift */; };
		53625C392A0645D300A77D24 /* SelectedPictureView.swift in Sources */ = {isa = PBXBuildFile; fileRef = 53625C382A0645D300A77D24 /* SelectedPictureView.swift */; };
		53625C3B2A064D8300A77D24 /* NewIntroductionView.swift in Sources */ = {isa = PBXBuildFile; fileRef = 53625C3A2A064D8300A77D24 /* NewIntroductionView.swift */; };
		53625C3D2A064DA100A77D24 /* NewIntroductionViewModel.swift in Sources */ = {isa = PBXBuildFile; fileRef = 53625C3C2A064DA100A77D24 /* NewIntroductionViewModel.swift */; };
		53625C3F2A064E0200A77D24 /* DetailUserIntroductionView.swift in Sources */ = {isa = PBXBuildFile; fileRef = 53625C3E2A064E0200A77D24 /* DetailUserIntroductionView.swift */; };
		53625C412A064E1300A77D24 /* DetailUserIntroductionViewModel.swift in Sources */ = {isa = PBXBuildFile; fileRef = 53625C402A064E1300A77D24 /* DetailUserIntroductionViewModel.swift */; };
		53625C432A064EEC00A77D24 /* DetailIntroductionCell.swift in Sources */ = {isa = PBXBuildFile; fileRef = 53625C422A064EEC00A77D24 /* DetailIntroductionCell.swift */; };
		53625C452A06597200A77D24 /* CardView.swift in Sources */ = {isa = PBXBuildFile; fileRef = 53625C442A06597200A77D24 /* CardView.swift */; };
/* End PBXBuildFile section */

/* Begin PBXFileReference section */
		533A9F8729FECB0D001C9C34 /* MatchingApp.app */ = {isa = PBXFileReference; explicitFileType = wrapper.application; includeInIndex = 0; path = MatchingApp.app; sourceTree = BUILT_PRODUCTS_DIR; };
		533A9F8A29FECB0D001C9C34 /* MatchingAppApp.swift */ = {isa = PBXFileReference; lastKnownFileType = sourcecode.swift; path = MatchingAppApp.swift; sourceTree = "<group>"; };
		533A9F8C29FECB0D001C9C34 /* ContentView.swift */ = {isa = PBXFileReference; lastKnownFileType = sourcecode.swift; path = ContentView.swift; sourceTree = "<group>"; };
		533A9F8E29FECB0D001C9C34 /* Assets.xcassets */ = {isa = PBXFileReference; lastKnownFileType = folder.assetcatalog; path = Assets.xcassets; sourceTree = "<group>"; };
		533A9F9029FECB0D001C9C34 /* MatchingApp.entitlements */ = {isa = PBXFileReference; lastKnownFileType = text.plist.entitlements; path = MatchingApp.entitlements; sourceTree = "<group>"; };
		533A9F9229FECB0D001C9C34 /* Preview Assets.xcassets */ = {isa = PBXFileReference; lastKnownFileType = folder.assetcatalog; path = "Preview Assets.xcassets"; sourceTree = "<group>"; };
		533A9F9929FECC7E001C9C34 /* LoginView.swift */ = {isa = PBXFileReference; lastKnownFileType = sourcecode.swift; path = LoginView.swift; sourceTree = "<group>"; };
		533A9F9C29FECCA0001C9C34 /* LoginViewModel.swift */ = {isa = PBXFileReference; lastKnownFileType = sourcecode.swift; path = LoginViewModel.swift; sourceTree = "<group>"; };
		533A9F9F29FECCCF001C9C34 /* RegisterView.swift */ = {isa = PBXFileReference; lastKnownFileType = sourcecode.swift; path = RegisterView.swift; sourceTree = "<group>"; };
		533A9FA129FECCDC001C9C34 /* RegisterViewModel.swift */ = {isa = PBXFileReference; lastKnownFileType = sourcecode.swift; path = RegisterViewModel.swift; sourceTree = "<group>"; };
		533A9FA429FECE2D001C9C34 /* HomeView.swift */ = {isa = PBXFileReference; lastKnownFileType = sourcecode.swift; path = HomeView.swift; sourceTree = "<group>"; };
		533A9FA829FECEA1001C9C34 /* HomeViewModel.swift */ = {isa = PBXFileReference; lastKnownFileType = sourcecode.swift; path = HomeViewModel.swift; sourceTree = "<group>"; };
		533A9FAC29FECF86001C9C34 /* ChatView.swift */ = {isa = PBXFileReference; lastKnownFileType = sourcecode.swift; path = ChatView.swift; sourceTree = "<group>"; };
		533A9FAE29FECF92001C9C34 /* ChatViewModel.swift */ = {isa = PBXFileReference; lastKnownFileType = sourcecode.swift; path = ChatViewModel.swift; sourceTree = "<group>"; };
		533A9FB129FECFCC001C9C34 /* ChatListViewModel.swift */ = {isa = PBXFileReference; lastKnownFileType = sourcecode.swift; path = ChatListViewModel.swift; sourceTree = "<group>"; };
		533A9FB329FED00B001C9C34 /* ChatListView.swift */ = {isa = PBXFileReference; lastKnownFileType = sourcecode.swift; path = ChatListView.swift; sourceTree = "<group>"; };
		533A9FB629FED09E001C9C34 /* User.swift */ = {isa = PBXFileReference; lastKnownFileType = sourcecode.swift; path = User.swift; sourceTree = "<group>"; };
		533A9FB829FED369001C9C34 /* Header.swift */ = {isa = PBXFileReference; lastKnownFileType = sourcecode.swift; path = Header.swift; sourceTree = "<group>"; };
		533A9FBB29FED573001C9C34 /* HeaderImageModifier.swift */ = {isa = PBXFileReference; lastKnownFileType = sourcecode.swift; path = HeaderImageModifier.swift; sourceTree = "<group>"; };
		533A9FBD29FEDF08001C9C34 /* PlacePanelView.swift */ = {isa = PBXFileReference; lastKnownFileType = sourcecode.swift; path = PlacePanelView.swift; sourceTree = "<group>"; };
		533A9FBF29FEE58D001C9C34 /* ProfileView.swift */ = {isa = PBXFileReference; lastKnownFileType = sourcecode.swift; path = ProfileView.swift; sourceTree = "<group>"; };
		533A9FC129FF0F0B001C9C34 /* CustomDivider.swift */ = {isa = PBXFileReference; lastKnownFileType = sourcecode.swift; path = CustomDivider.swift; sourceTree = "<group>"; };
		533A9FC329FF123D001C9C34 /* Color+Extension.swift */ = {isa = PBXFileReference; lastKnownFileType = sourcecode.swift; path = "Color+Extension.swift"; sourceTree = "<group>"; };
		534AB22E2A02A89600612A1D /* amplifyconfiguration.json */ = {isa = PBXFileReference; fileEncoding = 4; lastKnownFileType = text.json; path = amplifyconfiguration.json; sourceTree = "<group>"; };
		534AB2302A02A89D00612A1D /* awsconfiguration.json */ = {isa = PBXFileReference; fileEncoding = 4; lastKnownFileType = text.json; path = awsconfiguration.json; sourceTree = "<group>"; };
		534AB2342A02E4EF00612A1D /* RichButton.swift */ = {isa = PBXFileReference; lastKnownFileType = sourcecode.swift; path = RichButton.swift; sourceTree = "<group>"; };
		534AB2372A02E63400612A1D /* OnboardingView.swift */ = {isa = PBXFileReference; lastKnownFileType = sourcecode.swift; path = OnboardingView.swift; sourceTree = "<group>"; };
		534AB2392A035D4E00612A1D /* MyMainInfoView.swift */ = {isa = PBXFileReference; lastKnownFileType = sourcecode.swift; path = MyMainInfoView.swift; sourceTree = "<group>"; };
		534AB23C2A035F6800612A1D /* SettingView.swift */ = {isa = PBXFileReference; lastKnownFileType = sourcecode.swift; path = SettingView.swift; sourceTree = "<group>"; };
		534AB23F2A03829900612A1D /* GenderView.swift */ = {isa = PBXFileReference; lastKnownFileType = sourcecode.swift; path = GenderView.swift; sourceTree = "<group>"; };
		534AB2412A03856200612A1D /* AppState.swift */ = {isa = PBXFileReference; lastKnownFileType = sourcecode.swift; path = AppState.swift; sourceTree = "<group>"; };
		534AB2432A03865C00612A1D /* RootView.swift */ = {isa = PBXFileReference; lastKnownFileType = sourcecode.swift; path = RootView.swift; sourceTree = "<group>"; };
		534AB2452A038E8F00612A1D /* PrefectureView.swift */ = {isa = PBXFileReference; lastKnownFileType = sourcecode.swift; path = PrefectureView.swift; sourceTree = "<group>"; };
		534AB2472A03916E00612A1D /* PrefectureViewModel.swift */ = {isa = PBXFileReference; lastKnownFileType = sourcecode.swift; path = PrefectureViewModel.swift; sourceTree = "<group>"; };
		534AB2492A0393A000612A1D /* GenderViewModel.swift */ = {isa = PBXFileReference; lastKnownFileType = sourcecode.swift; path = GenderViewModel.swift; sourceTree = "<group>"; };
		534AB24B2A03A6B400612A1D /* CustomTabView.swift */ = {isa = PBXFileReference; lastKnownFileType = sourcecode.swift; path = CustomTabView.swift; sourceTree = "<group>"; };
		53501E182A06B0AA0016EF2B /* SchoolTextView.swift */ = {isa = PBXFileReference; lastKnownFileType = sourcecode.swift; path = SchoolTextView.swift; sourceTree = "<group>"; };
		53501E1A2A07F1B10016EF2B /* AccountDeleteView.swift */ = {isa = PBXFileReference; lastKnownFileType = sourcecode.swift; path = AccountDeleteView.swift; sourceTree = "<group>"; };
		53501E1C2A07F6F40016EF2B /* SignInWithApple.swift */ = {isa = PBXFileReference; lastKnownFileType = sourcecode.swift; path = SignInWithApple.swift; sourceTree = "<group>"; };
		53501E1E2A07F82E0016EF2B /* MatchingAppDebug.entitlements */ = {isa = PBXFileReference; lastKnownFileType = text.plist.entitlements; path = MatchingAppDebug.entitlements; sourceTree = "<group>"; };
		53501E1F2A08148B0016EF2B /* PriceListView.swift */ = {isa = PBXFileReference; lastKnownFileType = sourcecode.swift; path = PriceListView.swift; sourceTree = "<group>"; };
		53501E212A0816590016EF2B /* PriceCellView.swift */ = {isa = PBXFileReference; lastKnownFileType = sourcecode.swift; path = PriceCellView.swift; sourceTree = "<group>"; };
		53501E232A08D9DA0016EF2B /* UserAPI.swift */ = {isa = PBXFileReference; lastKnownFileType = sourcecode.swift; path = UserAPI.swift; sourceTree = "<group>"; };
		53501E252A08FAF00016EF2B /* Party.swift */ = {isa = PBXFileReference; lastKnownFileType = sourcecode.swift; path = Party.swift; sourceTree = "<group>"; };
		53501E272A090AC30016EF2B /* PartyAPI.swift */ = {isa = PBXFileReference; lastKnownFileType = sourcecode.swift; path = PartyAPI.swift; sourceTree = "<group>"; };
		53501E2A2A090FE40016EF2B /* apiGatewayURL.swift */ = {isa = PBXFileReference; lastKnownFileType = sourcecode.swift; path = apiGatewayURL.swift; sourceTree = "<group>"; };
		535026E72A03F3F3006F48D5 /* NextButtonView.swift */ = {isa = PBXFileReference; lastKnownFileType = sourcecode.swift; path = NextButtonView.swift; sourceTree = "<group>"; };
		535026E92A03F891006F48D5 /* BirthdayView.swift */ = {isa = PBXFileReference; lastKnownFileType = sourcecode.swift; path = BirthdayView.swift; sourceTree = "<group>"; };
		535026EB2A03F933006F48D5 /* BirthdayViewModel.swift */ = {isa = PBXFileReference; lastKnownFileType = sourcecode.swift; path = BirthdayViewModel.swift; sourceTree = "<group>"; };
		535026ED2A04EADB006F48D5 /* DateView.swift */ = {isa = PBXFileReference; lastKnownFileType = sourcecode.swift; path = DateView.swift; sourceTree = "<group>"; };
		535026EF2A04FEFC006F48D5 /* DateViewModel.swift */ = {isa = PBXFileReference; lastKnownFileType = sourcecode.swift; path = DateViewModel.swift; sourceTree = "<group>"; };
		535026F12A0501CA006F48D5 /* SelectPairView.swift */ = {isa = PBXFileReference; lastKnownFileType = sourcecode.swift; path = SelectPairView.swift; sourceTree = "<group>"; };
		535026F32A050372006F48D5 /* DismissButtonView.swift */ = {isa = PBXFileReference; lastKnownFileType = sourcecode.swift; path = DismissButtonView.swift; sourceTree = "<group>"; };
		535026F52A0504D4006F48D5 /* DatePlanView.swift */ = {isa = PBXFileReference; lastKnownFileType = sourcecode.swift; path = DatePlanView.swift; sourceTree = "<group>"; };
		535026F72A0508EA006F48D5 /* SettingCellView.swift */ = {isa = PBXFileReference; lastKnownFileType = sourcecode.swift; path = SettingCellView.swift; sourceTree = "<group>"; };
		535026F92A051030006F48D5 /* AddNewPairView.swift */ = {isa = PBXFileReference; lastKnownFileType = sourcecode.swift; path = AddNewPairView.swift; sourceTree = "<group>"; };
		535026FB2A05106A006F48D5 /* AddNewPairViewModel.swift */ = {isa = PBXFileReference; lastKnownFileType = sourcecode.swift; path = AddNewPairViewModel.swift; sourceTree = "<group>"; };
		535026FD2A0514BE006F48D5 /* UserProfileView.swift */ = {isa = PBXFileReference; lastKnownFileType = sourcecode.swift; path = UserProfileView.swift; sourceTree = "<group>"; };
		535026FF2A053211006F48D5 /* RecuruitmentListView.swift */ = {isa = PBXFileReference; lastKnownFileType = sourcecode.swift; path = RecuruitmentListView.swift; sourceTree = "<group>"; };
		53519B9A2A02315D003F5B36 /* RecruitmentView.swift */ = {isa = PBXFileReference; lastKnownFileType = sourcecode.swift; path = RecruitmentView.swift; sourceTree = "<group>"; };
		53519B9C2A024793003F5B36 /* MakeRecuruitView.swift */ = {isa = PBXFileReference; lastKnownFileType = sourcecode.swift; path = MakeRecuruitView.swift; sourceTree = "<group>"; };
		53625C322A062B6600A77D24 /* Tab.swift */ = {isa = PBXFileReference; lastKnownFileType = sourcecode.swift; path = Tab.swift; sourceTree = "<group>"; };
		53625C342A0640F500A77D24 /* MakeGroupView.swift */ = {isa = PBXFileReference; lastKnownFileType = sourcecode.swift; path = MakeGroupView.swift; sourceTree = "<group>"; };
		53625C362A06444200A77D24 /* UserCellView.swift */ = {isa = PBXFileReference; lastKnownFileType = sourcecode.swift; path = UserCellView.swift; sourceTree = "<group>"; };
		53625C382A0645D300A77D24 /* SelectedPictureView.swift */ = {isa = PBXFileReference; lastKnownFileType = sourcecode.swift; path = SelectedPictureView.swift; sourceTree = "<group>"; };
		53625C3A2A064D8300A77D24 /* NewIntroductionView.swift */ = {isa = PBXFileReference; lastKnownFileType = sourcecode.swift; path = NewIntroductionView.swift; sourceTree = "<group>"; };
		53625C3C2A064DA100A77D24 /* NewIntroductionViewModel.swift */ = {isa = PBXFileReference; lastKnownFileType = sourcecode.swift; path = NewIntroductionViewModel.swift; sourceTree = "<group>"; };
		53625C3E2A064E0200A77D24 /* DetailUserIntroductionView.swift */ = {isa = PBXFileReference; lastKnownFileType = sourcecode.swift; path = DetailUserIntroductionView.swift; sourceTree = "<group>"; };
		53625C402A064E1300A77D24 /* DetailUserIntroductionViewModel.swift */ = {isa = PBXFileReference; lastKnownFileType = sourcecode.swift; path = DetailUserIntroductionViewModel.swift; sourceTree = "<group>"; };
		53625C422A064EEC00A77D24 /* DetailIntroductionCell.swift */ = {isa = PBXFileReference; lastKnownFileType = sourcecode.swift; path = DetailIntroductionCell.swift; sourceTree = "<group>"; };
		53625C442A06597200A77D24 /* CardView.swift */ = {isa = PBXFileReference; lastKnownFileType = sourcecode.swift; path = CardView.swift; sourceTree = "<group>"; };
/* End PBXFileReference section */

/* Begin PBXFrameworksBuildPhase section */
		533A9F8429FECB0C001C9C34 /* Frameworks */ = {
			isa = PBXFrameworksBuildPhase;
			buildActionMask = 2147483647;
			files = (
				534AB2292A02A41300612A1D /* AWSAuthUI in Frameworks */,
				534AB2232A02A41300612A1D /* AWSAPIGateway in Frameworks */,
				534AB22B2A02A41300612A1D /* AWSAutoScaling in Frameworks */,
				534AB2272A02A41300612A1D /* AWSAuthCore in Frameworks */,
				534AB22D2A02A41300612A1D /* AWSChimeSDKIdentity in Frameworks */,
				534AB2252A02A41300612A1D /* AWSAppleSignIn in Frameworks */,
			);
			runOnlyForDeploymentPostprocessing = 0;
		};
/* End PBXFrameworksBuildPhase section */

/* Begin PBXGroup section */
		533A9F7E29FECB0C001C9C34 = {
			isa = PBXGroup;
			children = (
				533A9F8929FECB0D001C9C34 /* MatchingApp */,
				533A9F8829FECB0D001C9C34 /* Products */,
			);
			sourceTree = "<group>";
		};
		533A9F8829FECB0D001C9C34 /* Products */ = {
			isa = PBXGroup;
			children = (
				533A9F8729FECB0D001C9C34 /* MatchingApp.app */,
			);
			name = Products;
			sourceTree = "<group>";
		};
		533A9F8929FECB0D001C9C34 /* MatchingApp */ = {
			isa = PBXGroup;
			children = (
				53501E292A090ACB0016EF2B /* API */,
				53501E1E2A07F82E0016EF2B /* MatchingAppDebug.entitlements */,
				535026FF2A053211006F48D5 /* RecuruitmentListView.swift */,
				534AB23E2A03827D00612A1D /* AccoundInitSetting */,
				534AB23B2A035D5700612A1D /* Components */,
				534AB2362A02E61C00612A1D /* OnboardingView */,
				534AB2302A02A89D00612A1D /* awsconfiguration.json */,
				534AB22E2A02A89600612A1D /* amplifyconfiguration.json */,
				533A9FBA29FED564001C9C34 /* Modifier */,
				533A9FB529FED091001C9C34 /* Type */,
				533A9FB029FECFBC001C9C34 /* ChatListView */,
				533A9FA729FECE3B001C9C34 /* ChatView */,
				533A9FA629FECE33001C9C34 /* HomeView */,
				533A9FA329FECE07001C9C34 /* ProfileView */,
				533A9F9E29FECCA6001C9C34 /* RegisterView */,
				533A9F9B29FECC85001C9C34 /* LoginView */,
				533A9F8A29FECB0D001C9C34 /* MatchingAppApp.swift */,
				533A9F8C29FECB0D001C9C34 /* ContentView.swift */,
				533A9F8E29FECB0D001C9C34 /* Assets.xcassets */,
				533A9F9029FECB0D001C9C34 /* MatchingApp.entitlements */,
				533A9F9129FECB0D001C9C34 /* Preview Content */,
				533A9FBD29FEDF08001C9C34 /* PlacePanelView.swift */,
				533A9FBF29FEE58D001C9C34 /* ProfileView.swift */,
				533A9FC129FF0F0B001C9C34 /* CustomDivider.swift */,
				533A9FC329FF123D001C9C34 /* Color+Extension.swift */,
				53519B9A2A02315D003F5B36 /* RecruitmentView.swift */,
				53519B9C2A024793003F5B36 /* MakeRecuruitView.swift */,
				534AB2342A02E4EF00612A1D /* RichButton.swift */,
				534AB2412A03856200612A1D /* AppState.swift */,
				534AB2432A03865C00612A1D /* RootView.swift */,
				534AB24B2A03A6B400612A1D /* CustomTabView.swift */,
				535026ED2A04EADB006F48D5 /* DateView.swift */,
				535026EF2A04FEFC006F48D5 /* DateViewModel.swift */,
				535026F12A0501CA006F48D5 /* SelectPairView.swift */,
				535026F52A0504D4006F48D5 /* DatePlanView.swift */,
				535026F72A0508EA006F48D5 /* SettingCellView.swift */,
				535026F92A051030006F48D5 /* AddNewPairView.swift */,
				535026FB2A05106A006F48D5 /* AddNewPairViewModel.swift */,
				535026FD2A0514BE006F48D5 /* UserProfileView.swift */,
				53625C322A062B6600A77D24 /* Tab.swift */,
				53625C342A0640F500A77D24 /* MakeGroupView.swift */,
				53625C362A06444200A77D24 /* UserCellView.swift */,
				53625C382A0645D300A77D24 /* SelectedPictureView.swift */,
				53625C3A2A064D8300A77D24 /* NewIntroductionView.swift */,
				53625C3C2A064DA100A77D24 /* NewIntroductionViewModel.swift */,
				53625C3E2A064E0200A77D24 /* DetailUserIntroductionView.swift */,
				53625C402A064E1300A77D24 /* DetailUserIntroductionViewModel.swift */,
				53625C422A064EEC00A77D24 /* DetailIntroductionCell.swift */,
				53625C442A06597200A77D24 /* CardView.swift */,
				53501E182A06B0AA0016EF2B /* SchoolTextView.swift */,
				53501E1A2A07F1B10016EF2B /* AccountDeleteView.swift */,
				53501E1F2A08148B0016EF2B /* PriceListView.swift */,
				53501E212A0816590016EF2B /* PriceCellView.swift */,
				53501E252A08FAF00016EF2B /* Party.swift */,
			);
			path = MatchingApp;
			sourceTree = "<group>";
		};
		533A9F9129FECB0D001C9C34 /* Preview Content */ = {
			isa = PBXGroup;
			children = (
				533A9F9229FECB0D001C9C34 /* Preview Assets.xcassets */,
			);
			path = "Preview Content";
			sourceTree = "<group>";
		};
		533A9F9B29FECC85001C9C34 /* LoginView */ = {
			isa = PBXGroup;
			children = (
				533A9F9929FECC7E001C9C34 /* LoginView.swift */,
				533A9F9C29FECCA0001C9C34 /* LoginViewModel.swift */,
				53501E1C2A07F6F40016EF2B /* SignInWithApple.swift */,
			);
			path = LoginView;
			sourceTree = "<group>";
		};
		533A9F9E29FECCA6001C9C34 /* RegisterView */ = {
			isa = PBXGroup;
			children = (
				533A9F9F29FECCCF001C9C34 /* RegisterView.swift */,
				533A9FA129FECCDC001C9C34 /* RegisterViewModel.swift */,
			);
			path = RegisterView;
			sourceTree = "<group>";
		};
		533A9FA329FECE07001C9C34 /* ProfileView */ = {
			isa = PBXGroup;
			children = (
			);
			path = ProfileView;
			sourceTree = "<group>";
		};
		533A9FA629FECE33001C9C34 /* HomeView */ = {
			isa = PBXGroup;
			children = (
				533A9FA429FECE2D001C9C34 /* HomeView.swift */,
				533A9FA829FECEA1001C9C34 /* HomeViewModel.swift */,
			);
			path = HomeView;
			sourceTree = "<group>";
		};
		533A9FA729FECE3B001C9C34 /* ChatView */ = {
			isa = PBXGroup;
			children = (
				533A9FAC29FECF86001C9C34 /* ChatView.swift */,
				533A9FAE29FECF92001C9C34 /* ChatViewModel.swift */,
			);
			path = ChatView;
			sourceTree = "<group>";
		};
		533A9FB029FECFBC001C9C34 /* ChatListView */ = {
			isa = PBXGroup;
			children = (
				533A9FB129FECFCC001C9C34 /* ChatListViewModel.swift */,
				533A9FB329FED00B001C9C34 /* ChatListView.swift */,
			);
			path = ChatListView;
			sourceTree = "<group>";
		};
		533A9FB529FED091001C9C34 /* Type */ = {
			isa = PBXGroup;
			children = (
				533A9FB629FED09E001C9C34 /* User.swift */,
				533A9FB829FED369001C9C34 /* Header.swift */,
			);
			name = Type;
			sourceTree = "<group>";
		};
		533A9FBA29FED564001C9C34 /* Modifier */ = {
			isa = PBXGroup;
			children = (
				533A9FBB29FED573001C9C34 /* HeaderImageModifier.swift */,
			);
			path = Modifier;
			sourceTree = "<group>";
		};
		534AB2362A02E61C00612A1D /* OnboardingView */ = {
			isa = PBXGroup;
			children = (
				534AB2372A02E63400612A1D /* OnboardingView.swift */,
			);
			path = OnboardingView;
			sourceTree = "<group>";
		};
		534AB23B2A035D5700612A1D /* Components */ = {
			isa = PBXGroup;
			children = (
				534AB2392A035D4E00612A1D /* MyMainInfoView.swift */,
				534AB23C2A035F6800612A1D /* SettingView.swift */,
				535026E72A03F3F3006F48D5 /* NextButtonView.swift */,
				535026F32A050372006F48D5 /* DismissButtonView.swift */,
			);
			path = Components;
			sourceTree = "<group>";
		};
		534AB23E2A03827D00612A1D /* AccoundInitSetting */ = {
			isa = PBXGroup;
			children = (
				534AB23F2A03829900612A1D /* GenderView.swift */,
				534AB2492A0393A000612A1D /* GenderViewModel.swift */,
				534AB2452A038E8F00612A1D /* PrefectureView.swift */,
				534AB2472A03916E00612A1D /* PrefectureViewModel.swift */,
				535026E92A03F891006F48D5 /* BirthdayView.swift */,
				535026EB2A03F933006F48D5 /* BirthdayViewModel.swift */,
			);
			path = AccoundInitSetting;
			sourceTree = "<group>";
		};
		53501E292A090ACB0016EF2B /* API */ = {
			isa = PBXGroup;
			children = (
				53501E232A08D9DA0016EF2B /* UserAPI.swift */,
				53501E272A090AC30016EF2B /* PartyAPI.swift */,
				53501E2A2A090FE40016EF2B /* apiGatewayURL.swift */,
			);
			path = API;
			sourceTree = "<group>";
		};
/* End PBXGroup section */

/* Begin PBXNativeTarget section */
		533A9F8629FECB0C001C9C34 /* MatchingApp */ = {
			isa = PBXNativeTarget;
			buildConfigurationList = 533A9F9629FECB0D001C9C34 /* Build configuration list for PBXNativeTarget "MatchingApp" */;
			buildPhases = (
				533A9F8329FECB0C001C9C34 /* Sources */,
				533A9F8429FECB0C001C9C34 /* Frameworks */,
				533A9F8529FECB0C001C9C34 /* Resources */,
			);
			buildRules = (
			);
			dependencies = (
			);
			name = MatchingApp;
			packageProductDependencies = (
				534AB2222A02A41300612A1D /* AWSAPIGateway */,
				534AB2242A02A41300612A1D /* AWSAppleSignIn */,
				534AB2262A02A41300612A1D /* AWSAuthCore */,
				534AB2282A02A41300612A1D /* AWSAuthUI */,
				534AB22A2A02A41300612A1D /* AWSAutoScaling */,
				534AB22C2A02A41300612A1D /* AWSChimeSDKIdentity */,
			);
			productName = MatchingApp;
			productReference = 533A9F8729FECB0D001C9C34 /* MatchingApp.app */;
			productType = "com.apple.product-type.application";
		};
/* End PBXNativeTarget section */

/* Begin PBXProject section */
		533A9F7F29FECB0C001C9C34 /* Project object */ = {
			isa = PBXProject;
			attributes = {
				BuildIndependentTargetsInParallel = 1;
				LastSwiftUpdateCheck = 1420;
				LastUpgradeCheck = 1420;
				TargetAttributes = {
					533A9F8629FECB0C001C9C34 = {
						CreatedOnToolsVersion = 14.2;
					};
				};
			};
			buildConfigurationList = 533A9F8229FECB0C001C9C34 /* Build configuration list for PBXProject "MatchingApp" */;
			compatibilityVersion = "Xcode 14.0";
			developmentRegion = en;
			hasScannedForEncodings = 0;
			knownRegions = (
				en,
				Base,
			);
			mainGroup = 533A9F7E29FECB0C001C9C34;
			packageReferences = (
				534AB2212A02A41300612A1D /* XCRemoteSwiftPackageReference "aws-sdk-ios-spm" */,
			);
			productRefGroup = 533A9F8829FECB0D001C9C34 /* Products */;
			projectDirPath = "";
			projectRoot = "";
			targets = (
				533A9F8629FECB0C001C9C34 /* MatchingApp */,
			);
		};
/* End PBXProject section */

/* Begin PBXResourcesBuildPhase section */
		533A9F8529FECB0C001C9C34 /* Resources */ = {
			isa = PBXResourcesBuildPhase;
			buildActionMask = 2147483647;
			files = (
				534AB2312A02A89D00612A1D /* awsconfiguration.json in Resources */,
				533A9F9329FECB0D001C9C34 /* Preview Assets.xcassets in Resources */,
				534AB22F2A02A89600612A1D /* amplifyconfiguration.json in Resources */,
				533A9F8F29FECB0D001C9C34 /* Assets.xcassets in Resources */,
			);
			runOnlyForDeploymentPostprocessing = 0;
		};
/* End PBXResourcesBuildPhase section */

/* Begin PBXSourcesBuildPhase section */
		533A9F8329FECB0C001C9C34 /* Sources */ = {
			isa = PBXSourcesBuildPhase;
			buildActionMask = 2147483647;
			files = (
				535026F22A0501CA006F48D5 /* SelectPairView.swift in Sources */,
				535026F82A0508EA006F48D5 /* SettingCellView.swift in Sources */,
				533A9FB729FED09E001C9C34 /* User.swift in Sources */,
				534AB23A2A035D4E00612A1D /* MyMainInfoView.swift in Sources */,
				53519B9B2A02315D003F5B36 /* RecruitmentView.swift in Sources */,
				53625C412A064E1300A77D24 /* DetailUserIntroductionViewModel.swift in Sources */,
				535026F42A050372006F48D5 /* DismissButtonView.swift in Sources */,
				534AB2422A03856200612A1D /* AppState.swift in Sources */,
				53501E262A08FAF00016EF2B /* Party.swift in Sources */,
				53625C372A06444200A77D24 /* UserCellView.swift in Sources */,
				53625C452A06597200A77D24 /* CardView.swift in Sources */,
				53625C352A0640F500A77D24 /* MakeGroupView.swift in Sources */,
				535026FE2A0514BE006F48D5 /* UserProfileView.swift in Sources */,
				53501E1D2A07F6F40016EF2B /* SignInWithApple.swift in Sources */,
				534AB2442A03865C00612A1D /* RootView.swift in Sources */,
				53625C392A0645D300A77D24 /* SelectedPictureView.swift in Sources */,
				533A9FB229FECFCC001C9C34 /* ChatListViewModel.swift in Sources */,
				535026EE2A04EADB006F48D5 /* DateView.swift in Sources */,
				535026E82A03F3F3006F48D5 /* NextButtonView.swift in Sources */,
				533A9F9D29FECCA0001C9C34 /* LoginViewModel.swift in Sources */,
				533A9FA529FECE2D001C9C34 /* HomeView.swift in Sources */,
				53625C432A064EEC00A77D24 /* DetailIntroductionCell.swift in Sources */,
				534AB23D2A035F6800612A1D /* SettingView.swift in Sources */,
				53501E1B2A07F1B10016EF2B /* AccountDeleteView.swift in Sources */,
				53625C3D2A064DA100A77D24 /* NewIntroductionViewModel.swift in Sources */,
				533A9FA229FECCDC001C9C34 /* RegisterViewModel.swift in Sources */,
				533A9FB429FED00B001C9C34 /* ChatListView.swift in Sources */,
				53625C332A062B6600A77D24 /* Tab.swift in Sources */,
				53625C3B2A064D8300A77D24 /* NewIntroductionView.swift in Sources */,
				533A9FA929FECEA1001C9C34 /* HomeViewModel.swift in Sources */,
				53501E202A08148B0016EF2B /* PriceListView.swift in Sources */,
				53625C3F2A064E0200A77D24 /* DetailUserIntroductionView.swift in Sources */,
				533A9FAD29FECF86001C9C34 /* ChatView.swift in Sources */,
				533A9FC229FF0F0B001C9C34 /* CustomDivider.swift in Sources */,
				53501E242A08D9DA0016EF2B /* UserAPI.swift in Sources */,
				533A9FC429FF123D001C9C34 /* Color+Extension.swift in Sources */,
				53501E192A06B0AA0016EF2B /* SchoolTextView.swift in Sources */,
				533A9FA029FECCCF001C9C34 /* RegisterView.swift in Sources */,
				53519B9D2A024793003F5B36 /* MakeRecuruitView.swift in Sources */,
				533A9FC029FEE58D001C9C34 /* ProfileView.swift in Sources */,
				535026EC2A03F933006F48D5 /* BirthdayViewModel.swift in Sources */,
				535026EA2A03F891006F48D5 /* BirthdayView.swift in Sources */,
				535026FA2A051030006F48D5 /* AddNewPairView.swift in Sources */,
				533A9F9A29FECC7E001C9C34 /* LoginView.swift in Sources */,
				535026F62A0504D4006F48D5 /* DatePlanView.swift in Sources */,
				53501E2B2A090FE40016EF2B /* apiGatewayURL.swift in Sources */,
				534AB2402A03829900612A1D /* GenderView.swift in Sources */,
				53501E222A0816590016EF2B /* PriceCellView.swift in Sources */,
				534AB24C2A03A6B400612A1D /* CustomTabView.swift in Sources */,
				535026F02A04FEFC006F48D5 /* DateViewModel.swift in Sources */,
				533A9FBC29FED573001C9C34 /* HeaderImageModifier.swift in Sources */,
				535026FC2A05106A006F48D5 /* AddNewPairViewModel.swift in Sources */,
				533A9FB929FED36A001C9C34 /* Header.swift in Sources */,
				53501E282A090AC30016EF2B /* PartyAPI.swift in Sources */,
				533A9F8D29FECB0D001C9C34 /* ContentView.swift in Sources */,
				534AB2482A03916E00612A1D /* PrefectureViewModel.swift in Sources */,
				534AB2352A02E4EF00612A1D /* RichButton.swift in Sources */,
				533A9FAF29FECF92001C9C34 /* ChatViewModel.swift in Sources */,
				533A9F8B29FECB0D001C9C34 /* MatchingAppApp.swift in Sources */,
				534AB2382A02E63400612A1D /* OnboardingView.swift in Sources */,
				533A9FBE29FEDF08001C9C34 /* PlacePanelView.swift in Sources */,
				534AB24A2A0393A000612A1D /* GenderViewModel.swift in Sources */,
				534AB2462A038E8F00612A1D /* PrefectureView.swift in Sources */,
				535027002A053211006F48D5 /* RecuruitmentListView.swift in Sources */,
			);
			runOnlyForDeploymentPostprocessing = 0;
		};
/* End PBXSourcesBuildPhase section */

/* Begin XCBuildConfiguration section */
		533A9F9429FECB0D001C9C34 /* Debug */ = {
			isa = XCBuildConfiguration;
			buildSettings = {
				ALWAYS_SEARCH_USER_PATHS = NO;
				CLANG_ANALYZER_NONNULL = YES;
				CLANG_ANALYZER_NUMBER_OBJECT_CONVERSION = YES_AGGRESSIVE;
				CLANG_CXX_LANGUAGE_STANDARD = "gnu++20";
				CLANG_ENABLE_MODULES = YES;
				CLANG_ENABLE_OBJC_ARC = YES;
				CLANG_ENABLE_OBJC_WEAK = YES;
				CLANG_WARN_BLOCK_CAPTURE_AUTORELEASING = YES;
				CLANG_WARN_BOOL_CONVERSION = YES;
				CLANG_WARN_COMMA = YES;
				CLANG_WARN_CONSTANT_CONVERSION = YES;
				CLANG_WARN_DEPRECATED_OBJC_IMPLEMENTATIONS = YES;
				CLANG_WARN_DIRECT_OBJC_ISA_USAGE = YES_ERROR;
				CLANG_WARN_DOCUMENTATION_COMMENTS = YES;
				CLANG_WARN_EMPTY_BODY = YES;
				CLANG_WARN_ENUM_CONVERSION = YES;
				CLANG_WARN_INFINITE_RECURSION = YES;
				CLANG_WARN_INT_CONVERSION = YES;
				CLANG_WARN_NON_LITERAL_NULL_CONVERSION = YES;
				CLANG_WARN_OBJC_IMPLICIT_RETAIN_SELF = YES;
				CLANG_WARN_OBJC_LITERAL_CONVERSION = YES;
				CLANG_WARN_OBJC_ROOT_CLASS = YES_ERROR;
				CLANG_WARN_QUOTED_INCLUDE_IN_FRAMEWORK_HEADER = YES;
				CLANG_WARN_RANGE_LOOP_ANALYSIS = YES;
				CLANG_WARN_STRICT_PROTOTYPES = YES;
				CLANG_WARN_SUSPICIOUS_MOVE = YES;
				CLANG_WARN_UNGUARDED_AVAILABILITY = YES_AGGRESSIVE;
				CLANG_WARN_UNREACHABLE_CODE = YES;
				CLANG_WARN__DUPLICATE_METHOD_MATCH = YES;
				COPY_PHASE_STRIP = NO;
				DEBUG_INFORMATION_FORMAT = dwarf;
				ENABLE_STRICT_OBJC_MSGSEND = YES;
				ENABLE_TESTABILITY = YES;
				GCC_C_LANGUAGE_STANDARD = gnu11;
				GCC_DYNAMIC_NO_PIC = NO;
				GCC_NO_COMMON_BLOCKS = YES;
				GCC_OPTIMIZATION_LEVEL = 0;
				GCC_PREPROCESSOR_DEFINITIONS = (
					"DEBUG=1",
					"$(inherited)",
				);
				GCC_WARN_64_TO_32_BIT_CONVERSION = YES;
				GCC_WARN_ABOUT_RETURN_TYPE = YES_ERROR;
				GCC_WARN_UNDECLARED_SELECTOR = YES;
				GCC_WARN_UNINITIALIZED_AUTOS = YES_AGGRESSIVE;
				GCC_WARN_UNUSED_FUNCTION = YES;
				GCC_WARN_UNUSED_VARIABLE = YES;
				MTL_ENABLE_DEBUG_INFO = INCLUDE_SOURCE;
				MTL_FAST_MATH = YES;
				ONLY_ACTIVE_ARCH = YES;
				SWIFT_ACTIVE_COMPILATION_CONDITIONS = DEBUG;
				SWIFT_OPTIMIZATION_LEVEL = "-Onone";
			};
			name = Debug;
		};
		533A9F9529FECB0D001C9C34 /* Release */ = {
			isa = XCBuildConfiguration;
			buildSettings = {
				ALWAYS_SEARCH_USER_PATHS = NO;
				CLANG_ANALYZER_NONNULL = YES;
				CLANG_ANALYZER_NUMBER_OBJECT_CONVERSION = YES_AGGRESSIVE;
				CLANG_CXX_LANGUAGE_STANDARD = "gnu++20";
				CLANG_ENABLE_MODULES = YES;
				CLANG_ENABLE_OBJC_ARC = YES;
				CLANG_ENABLE_OBJC_WEAK = YES;
				CLANG_WARN_BLOCK_CAPTURE_AUTORELEASING = YES;
				CLANG_WARN_BOOL_CONVERSION = YES;
				CLANG_WARN_COMMA = YES;
				CLANG_WARN_CONSTANT_CONVERSION = YES;
				CLANG_WARN_DEPRECATED_OBJC_IMPLEMENTATIONS = YES;
				CLANG_WARN_DIRECT_OBJC_ISA_USAGE = YES_ERROR;
				CLANG_WARN_DOCUMENTATION_COMMENTS = YES;
				CLANG_WARN_EMPTY_BODY = YES;
				CLANG_WARN_ENUM_CONVERSION = YES;
				CLANG_WARN_INFINITE_RECURSION = YES;
				CLANG_WARN_INT_CONVERSION = YES;
				CLANG_WARN_NON_LITERAL_NULL_CONVERSION = YES;
				CLANG_WARN_OBJC_IMPLICIT_RETAIN_SELF = YES;
				CLANG_WARN_OBJC_LITERAL_CONVERSION = YES;
				CLANG_WARN_OBJC_ROOT_CLASS = YES_ERROR;
				CLANG_WARN_QUOTED_INCLUDE_IN_FRAMEWORK_HEADER = YES;
				CLANG_WARN_RANGE_LOOP_ANALYSIS = YES;
				CLANG_WARN_STRICT_PROTOTYPES = YES;
				CLANG_WARN_SUSPICIOUS_MOVE = YES;
				CLANG_WARN_UNGUARDED_AVAILABILITY = YES_AGGRESSIVE;
				CLANG_WARN_UNREACHABLE_CODE = YES;
				CLANG_WARN__DUPLICATE_METHOD_MATCH = YES;
				COPY_PHASE_STRIP = NO;
				DEBUG_INFORMATION_FORMAT = "dwarf-with-dsym";
				ENABLE_NS_ASSERTIONS = NO;
				ENABLE_STRICT_OBJC_MSGSEND = YES;
				GCC_C_LANGUAGE_STANDARD = gnu11;
				GCC_NO_COMMON_BLOCKS = YES;
				GCC_WARN_64_TO_32_BIT_CONVERSION = YES;
				GCC_WARN_ABOUT_RETURN_TYPE = YES_ERROR;
				GCC_WARN_UNDECLARED_SELECTOR = YES;
				GCC_WARN_UNINITIALIZED_AUTOS = YES_AGGRESSIVE;
				GCC_WARN_UNUSED_FUNCTION = YES;
				GCC_WARN_UNUSED_VARIABLE = YES;
				MTL_ENABLE_DEBUG_INFO = NO;
				MTL_FAST_MATH = YES;
				SWIFT_COMPILATION_MODE = wholemodule;
				SWIFT_OPTIMIZATION_LEVEL = "-O";
			};
			name = Release;
		};
		533A9F9729FECB0D001C9C34 /* Debug */ = {
			isa = XCBuildConfiguration;
			buildSettings = {
				ASSETCATALOG_COMPILER_APPICON_NAME = AppIcon;
				ASSETCATALOG_COMPILER_GLOBAL_ACCENT_COLOR_NAME = AccentColor;
				CODE_SIGN_ENTITLEMENTS = MatchingApp/MatchingAppDebug.entitlements;
				CODE_SIGN_STYLE = Automatic;
				CURRENT_PROJECT_VERSION = 1;
				DEVELOPMENT_ASSET_PATHS = "\"MatchingApp/Preview Content\"";
				DEVELOPMENT_TEAM = U6B6GTGPYT;
				ENABLE_PREVIEWS = YES;
				GENERATE_INFOPLIST_FILE = YES;
				"INFOPLIST_KEY_UIApplicationSceneManifest_Generation[sdk=iphoneos*]" = YES;
				"INFOPLIST_KEY_UIApplicationSceneManifest_Generation[sdk=iphonesimulator*]" = YES;
				"INFOPLIST_KEY_UIApplicationSupportsIndirectInputEvents[sdk=iphoneos*]" = YES;
				"INFOPLIST_KEY_UIApplicationSupportsIndirectInputEvents[sdk=iphonesimulator*]" = YES;
				"INFOPLIST_KEY_UILaunchScreen_Generation[sdk=iphoneos*]" = YES;
				"INFOPLIST_KEY_UILaunchScreen_Generation[sdk=iphonesimulator*]" = YES;
				"INFOPLIST_KEY_UIStatusBarStyle[sdk=iphoneos*]" = UIStatusBarStyleDefault;
				"INFOPLIST_KEY_UIStatusBarStyle[sdk=iphonesimulator*]" = UIStatusBarStyleDefault;
				INFOPLIST_KEY_UISupportedInterfaceOrientations_iPad = "UIInterfaceOrientationPortrait UIInterfaceOrientationPortraitUpsideDown UIInterfaceOrientationLandscapeLeft UIInterfaceOrientationLandscapeRight";
				INFOPLIST_KEY_UISupportedInterfaceOrientations_iPhone = "UIInterfaceOrientationPortrait UIInterfaceOrientationLandscapeLeft UIInterfaceOrientationLandscapeRight";
				IPHONEOS_DEPLOYMENT_TARGET = 16.2;
				LD_RUNPATH_SEARCH_PATHS = "@executable_path/Frameworks";
				"LD_RUNPATH_SEARCH_PATHS[sdk=macosx*]" = "@executable_path/../Frameworks";
				MACOSX_DEPLOYMENT_TARGET = 13.0;
				MARKETING_VERSION = 1.0;
				PRODUCT_BUNDLE_IDENTIFIER = com.gptFindWork.MatchingApp;
				PRODUCT_NAME = "$(TARGET_NAME)";
				SDKROOT = auto;
				SUPPORTED_PLATFORMS = "iphoneos iphonesimulator macosx";
				SWIFT_EMIT_LOC_STRINGS = YES;
				SWIFT_VERSION = 5.0;
				TARGETED_DEVICE_FAMILY = "1,2";
			};
			name = Debug;
		};
		533A9F9829FECB0D001C9C34 /* Release */ = {
			isa = XCBuildConfiguration;
			buildSettings = {
				ASSETCATALOG_COMPILER_APPICON_NAME = AppIcon;
				ASSETCATALOG_COMPILER_GLOBAL_ACCENT_COLOR_NAME = AccentColor;
				CODE_SIGN_ENTITLEMENTS = MatchingApp/MatchingApp.entitlements;
				CODE_SIGN_STYLE = Automatic;
				CURRENT_PROJECT_VERSION = 1;
				DEVELOPMENT_ASSET_PATHS = "\"MatchingApp/Preview Content\"";
				DEVELOPMENT_TEAM = U6B6GTGPYT;
				ENABLE_PREVIEWS = YES;
				GENERATE_INFOPLIST_FILE = YES;
				"INFOPLIST_KEY_UIApplicationSceneManifest_Generation[sdk=iphoneos*]" = YES;
				"INFOPLIST_KEY_UIApplicationSceneManifest_Generation[sdk=iphonesimulator*]" = YES;
				"INFOPLIST_KEY_UIApplicationSupportsIndirectInputEvents[sdk=iphoneos*]" = YES;
				"INFOPLIST_KEY_UIApplicationSupportsIndirectInputEvents[sdk=iphonesimulator*]" = YES;
				"INFOPLIST_KEY_UILaunchScreen_Generation[sdk=iphoneos*]" = YES;
				"INFOPLIST_KEY_UILaunchScreen_Generation[sdk=iphonesimulator*]" = YES;
				"INFOPLIST_KEY_UIStatusBarStyle[sdk=iphoneos*]" = UIStatusBarStyleDefault;
				"INFOPLIST_KEY_UIStatusBarStyle[sdk=iphonesimulator*]" = UIStatusBarStyleDefault;
				INFOPLIST_KEY_UISupportedInterfaceOrientations_iPad = "UIInterfaceOrientationPortrait UIInterfaceOrientationPortraitUpsideDown UIInterfaceOrientationLandscapeLeft UIInterfaceOrientationLandscapeRight";
				INFOPLIST_KEY_UISupportedInterfaceOrientations_iPhone = "UIInterfaceOrientationPortrait UIInterfaceOrientationLandscapeLeft UIInterfaceOrientationLandscapeRight";
				IPHONEOS_DEPLOYMENT_TARGET = 16.2;
				LD_RUNPATH_SEARCH_PATHS = "@executable_path/Frameworks";
				"LD_RUNPATH_SEARCH_PATHS[sdk=macosx*]" = "@executable_path/../Frameworks";
				MACOSX_DEPLOYMENT_TARGET = 13.0;
				MARKETING_VERSION = 1.0;
				PRODUCT_BUNDLE_IDENTIFIER = com.gptFindWork.MatchingApp;
				PRODUCT_NAME = "$(TARGET_NAME)";
				SDKROOT = auto;
				SUPPORTED_PLATFORMS = "iphoneos iphonesimulator macosx";
				SWIFT_EMIT_LOC_STRINGS = YES;
				SWIFT_VERSION = 5.0;
				TARGETED_DEVICE_FAMILY = "1,2";
			};
			name = Release;
		};
/* End XCBuildConfiguration section */

/* Begin XCConfigurationList section */
		533A9F8229FECB0C001C9C34 /* Build configuration list for PBXProject "MatchingApp" */ = {
			isa = XCConfigurationList;
			buildConfigurations = (
				533A9F9429FECB0D001C9C34 /* Debug */,
				533A9F9529FECB0D001C9C34 /* Release */,
			);
			defaultConfigurationIsVisible = 0;
			defaultConfigurationName = Release;
		};
		533A9F9629FECB0D001C9C34 /* Build configuration list for PBXNativeTarget "MatchingApp" */ = {
			isa = XCConfigurationList;
			buildConfigurations = (
				533A9F9729FECB0D001C9C34 /* Debug */,
				533A9F9829FECB0D001C9C34 /* Release */,
			);
			defaultConfigurationIsVisible = 0;
			defaultConfigurationName = Release;
		};
/* End XCConfigurationList section */

/* Begin XCRemoteSwiftPackageReference section */
		534AB2212A02A41300612A1D /* XCRemoteSwiftPackageReference "aws-sdk-ios-spm" */ = {
			isa = XCRemoteSwiftPackageReference;
			repositoryURL = "https://github.com/aws-amplify/aws-sdk-ios-spm";
			requirement = {
				kind = upToNextMajorVersion;
				minimumVersion = 2.0.0;
			};
		};
/* End XCRemoteSwiftPackageReference section */

/* Begin XCSwiftPackageProductDependency section */
		534AB2222A02A41300612A1D /* AWSAPIGateway */ = {
			isa = XCSwiftPackageProductDependency;
			package = 534AB2212A02A41300612A1D /* XCRemoteSwiftPackageReference "aws-sdk-ios-spm" */;
			productName = AWSAPIGateway;
		};
		534AB2242A02A41300612A1D /* AWSAppleSignIn */ = {
			isa = XCSwiftPackageProductDependency;
			package = 534AB2212A02A41300612A1D /* XCRemoteSwiftPackageReference "aws-sdk-ios-spm" */;
			productName = AWSAppleSignIn;
		};
		534AB2262A02A41300612A1D /* AWSAuthCore */ = {
			isa = XCSwiftPackageProductDependency;
			package = 534AB2212A02A41300612A1D /* XCRemoteSwiftPackageReference "aws-sdk-ios-spm" */;
			productName = AWSAuthCore;
		};
		534AB2282A02A41300612A1D /* AWSAuthUI */ = {
			isa = XCSwiftPackageProductDependency;
			package = 534AB2212A02A41300612A1D /* XCRemoteSwiftPackageReference "aws-sdk-ios-spm" */;
			productName = AWSAuthUI;
		};
		534AB22A2A02A41300612A1D /* AWSAutoScaling */ = {
			isa = XCSwiftPackageProductDependency;
			package = 534AB2212A02A41300612A1D /* XCRemoteSwiftPackageReference "aws-sdk-ios-spm" */;
			productName = AWSAutoScaling;
		};
		534AB22C2A02A41300612A1D /* AWSChimeSDKIdentity */ = {
			isa = XCSwiftPackageProductDependency;
			package = 534AB2212A02A41300612A1D /* XCRemoteSwiftPackageReference "aws-sdk-ios-spm" */;
			productName = AWSChimeSDKIdentity;
		};
/* End XCSwiftPackageProductDependency section */
	};
	rootObject = 533A9F7F29FECB0C001C9C34 /* Project object */;
}
